
Microsoft Visual Studio Solution File, Format Version 12.00
# Visual Studio Version 16
VisualStudioVersion = 16.0.30517.126
MinimumVisualStudioVersion = 10.0.40219.1
Project("{FAE04EC0-301F-11D3-BF4B-00C04F79EFBC}") = "EF_BasicSample", "EF_BasicSample\EF_BasicSample.csproj", "{C5B68B2C-3651-453A-B06A-2E634CEB421E}"
EndProject
Global
	GlobalSection(SolutionConfigurationPlatforms) = preSolution
		Debug|Any CPU = Debug|Any CPU
		Release|Any CPU = Release|Any CPU
	EndGlobalSection
	GlobalSection(ProjectConfigurationPlatforms) = postSolution
		{C5B68B2C-3651-453A-B06A-2E634CEB421E}.Debug|Any CPU.ActiveCfg = Debug|Any CPU
		{C5B68B2C-3651-453A-B06A-2E634CEB421E}.Debug|Any CPU.Build.0 = Debug|Any CPU
		{C5B68B2C-3651-453A-B06A-2E634CEB421E}.Release|Any CPU.ActiveCfg = Release|Any CPU
		{C5B68B2C-3651-453A-B06A-2E634CEB421E}.Release|Any CPU.Build.0 = Release|Any CPU
	EndGlobalSection
	GlobalSection(SolutionProperties) = preSolution
		HideSolutionNode = FALSE
	EndGlobalSection
	GlobalSection(ExtensibilityGlobals) = postSolution
		SolutionGuid = {6AA85B18-BAFE-42A6-A2E1-10CA5C18EEB8}
	EndGlobalSection
EndGlobal
