
Microsoft Visual Studio Solution File, Format Version 12.00
# Visual Studio Version 16
VisualStudioVersion = 16.0.30517.126
MinimumVisualStudioVersion = 10.0.40219.1
Project("{9A19103F-16F7-4668-BE54-9A1E7A4F7556}") = "Asp.NetCore_samples", "Asp.NetCore_samples\Asp.NetCore_samples.csproj", "{BFDB731A-C53F-43D3-B7FD-9204E7DD1789}"
EndProject
Project("{FAE04EC0-301F-11D3-BF4B-00C04F79EFBC}") = "DeveloperExceptionPage", "DeveloperExceptionPage\DeveloperExceptionPage.csproj", "{1225D503-4EB1-469E-899D-49FF5D77F267}"
EndProject
Global
	GlobalSection(SolutionConfigurationPlatforms) = preSolution
		Debug|Any CPU = Debug|Any CPU
		Release|Any CPU = Release|Any CPU
	EndGlobalSection
	GlobalSection(ProjectConfigurationPlatforms) = postSolution
		{BFDB731A-C53F-43D3-B7FD-9204E7DD1789}.Debug|Any CPU.ActiveCfg = Debug|Any CPU
		{BFDB731A-C53F-43D3-B7FD-9204E7DD1789}.Debug|Any CPU.Build.0 = Debug|Any CPU
		{BFDB731A-C53F-43D3-B7FD-9204E7DD1789}.Release|Any CPU.ActiveCfg = Release|Any CPU
		{BFDB731A-C53F-43D3-B7FD-9204E7DD1789}.Release|Any CPU.Build.0 = Release|Any CPU
		{1225D503-4EB1-469E-899D-49FF5D77F267}.Debug|Any CPU.ActiveCfg = Debug|Any CPU
		{1225D503-4EB1-469E-899D-49FF5D77F267}.Debug|Any CPU.Build.0 = Debug|Any CPU
		{1225D503-4EB1-469E-899D-49FF5D77F267}.Release|Any CPU.ActiveCfg = Release|Any CPU
		{1225D503-4EB1-469E-899D-49FF5D77F267}.Release|Any CPU.Build.0 = Release|Any CPU
	EndGlobalSection
	GlobalSection(SolutionProperties) = preSolution
		HideSolutionNode = FALSE
	EndGlobalSection
	GlobalSection(ExtensibilityGlobals) = postSolution
		SolutionGuid = {BBF5E233-0CED-433E-B740-550A66FFCD82}
	EndGlobalSection
EndGlobal
